
Microsoft Visual Studio Solution File, Format Version 12.00
# Visual Studio Version 17
VisualStudioVersion = 17.5.33502.453
MinimumVisualStudioVersion = 10.0.40219.1
Project("{FAE04EC0-301F-11D3-BF4B-00C04F79EFBC}") = "Cyclix", "Cyclix\Cyclix.csproj", "{AE5D66D6-AAC4-4412-BDD0-551AA732B7F5}"
EndProject
Global
	GlobalSection(SolutionConfigurationPlatforms) = preSolution
		Debug|Any CPU = Debug|Any CPU
		Release|Any CPU = Release|Any CPU
	EndGlobalSection
	GlobalSection(ProjectConfigurationPlatforms) = postSolution
		{AE5D66D6-AAC4-4412-BDD0-551AA732B7F5}.Debug|Any CPU.ActiveCfg = Debug|Any CPU
		{AE5D66D6-AAC4-4412-BDD0-551AA732B7F5}.Debug|Any CPU.Build.0 = Debug|Any CPU
		{AE5D66D6-AAC4-4412-BDD0-551AA732B7F5}.Release|Any CPU.ActiveCfg = Release|Any CPU
		{AE5D66D6-AAC4-4412-BDD0-551AA732B7F5}.Release|Any CPU.Build.0 = Release|Any CPU
	EndGlobalSection
	GlobalSection(SolutionProperties) = preSolution
		HideSolutionNode = FALSE
	EndGlobalSection
	GlobalSection(ExtensibilityGlobals) = postSolution
		SolutionGuid = {F69C0CC7-15FC-442D-B9A4-B70A08C948EB}
	EndGlobalSection
EndGlobal
